
Microsoft Visual Studio Solution File, Format Version 9.00
# Visual Studio 2005
Project("{FAE04EC0-301F-11D3-BF4B-00C04F79EFBC}") = "CoAP.NET.2005", "CoAP.NET\CoAP.NET.2005.csproj", "{45DB1E45-4831-4E4A-BB1E-AE92EEA182E3}"
EndProject
Project("{FAE04EC0-301F-11D3-BF4B-00C04F79EFBC}") = "CoAP.Test.2005", "CoAP.Test\CoAP.Test.2005.csproj", "{1F828F7D-D1CB-4C47-8A9A-47855B822724}"
EndProject
Project("{FAE04EC0-301F-11D3-BF4B-00C04F79EFBC}") = "CoAP.Client.2005", "CoAP.Client\CoAP.Client.2005.csproj", "{30223FF5-4DCB-45B8-9B06-61EB9FBF9FA8}"
EndProject
Project("{FAE04EC0-301F-11D3-BF4B-00C04F79EFBC}") = "CoAP.Server.2005", "CoAP.Server\CoAP.Server.2005.csproj", "{05CC2E5E-B663-4560-844C-C8E52ED1C9D1}"
EndProject
Global
	GlobalSection(SolutionConfigurationPlatforms) = preSolution
		Debug|Any CPU = Debug|Any CPU
		Release|Any CPU = Release|Any CPU
	EndGlobalSection
	GlobalSection(ProjectConfigurationPlatforms) = postSolution
		{1F828F7D-D1CB-4C47-8A9A-47855B822724}.Debug|Any CPU.ActiveCfg = Debug|Any CPU
		{1F828F7D-D1CB-4C47-8A9A-47855B822724}.Debug|Any CPU.Build.0 = Debug|Any CPU
		{1F828F7D-D1CB-4C47-8A9A-47855B822724}.Release|Any CPU.ActiveCfg = Release|Any CPU
		{1F828F7D-D1CB-4C47-8A9A-47855B822724}.Release|Any CPU.Build.0 = Release|Any CPU
		{45DB1E45-4831-4E4A-BB1E-AE92EEA182E3}.Debug|Any CPU.ActiveCfg = Debug|Any CPU
		{45DB1E45-4831-4E4A-BB1E-AE92EEA182E3}.Debug|Any CPU.Build.0 = Debug|Any CPU
		{45DB1E45-4831-4E4A-BB1E-AE92EEA182E3}.Release|Any CPU.ActiveCfg = Release|Any CPU
		{45DB1E45-4831-4E4A-BB1E-AE92EEA182E3}.Release|Any CPU.Build.0 = Release|Any CPU
		{05CC2E5E-B663-4560-844C-C8E52ED1C9D1}.Debug|Any CPU.ActiveCfg = Debug|Any CPU
		{05CC2E5E-B663-4560-844C-C8E52ED1C9D1}.Debug|Any CPU.Build.0 = Debug|Any CPU
		{05CC2E5E-B663-4560-844C-C8E52ED1C9D1}.Release|Any CPU.ActiveCfg = Release|Any CPU
		{05CC2E5E-B663-4560-844C-C8E52ED1C9D1}.Release|Any CPU.Build.0 = Release|Any CPU
		{30223FF5-4DCB-45B8-9B06-61EB9FBF9FA8}.Debug|Any CPU.ActiveCfg = Debug|Any CPU
		{30223FF5-4DCB-45B8-9B06-61EB9FBF9FA8}.Debug|Any CPU.Build.0 = Debug|Any CPU
		{30223FF5-4DCB-45B8-9B06-61EB9FBF9FA8}.Release|Any CPU.ActiveCfg = Release|Any CPU
		{30223FF5-4DCB-45B8-9B06-61EB9FBF9FA8}.Release|Any CPU.Build.0 = Release|Any CPU
	EndGlobalSection
	GlobalSection(SolutionProperties) = preSolution
		HideSolutionNode = FALSE
	EndGlobalSection
	GlobalSection(MonoDevelopProperties) = preSolution
		StartupItem = CoAP.NET\CoAP.NET.csproj
	EndGlobalSection
EndGlobal
